{
  "name": "jervis-device-agent",
  "version": "1.0.0",
  "lockfileVersion": 3,
  "requires": true,
  "packages": {
    "": {
      "name": "jervis-device-agent",
      "version": "1.0.0",
      "dependencies": {
        "clipboardy": "^4.0.0",
        "dotenv": "^16.4.5",
        "open": "^10.1.0",
        "screenshot-desktop": "^1.15.1",
        "socket.io-client": "^4.8.1",
        "systeminformation": "^5.23.8"
      }
    },
    "node_modules/@socket.io/component-emitter": {
      "version": "3.1.2",
      "resolved": "https://packages.applied-caas-gateway1.internal.api.openai.org/artifactory/api/npm/npm-public/@socket.io/component-emitter/-/component-emitter-3.1.2.tgz",
      "integrity": "sha512-9BCxFwvbGg/RsZK9tjXd8s4UcwR0MWeFQ1XEKIQVVvAGJyINdrqKMcTRyLoK8Rse1GjzLV9cwjWV1olXRWEXVA==",
      "license": "MIT"
    },
    "node_modules/balanced-match": {
      "version": "1.0.2",
      "resolved": "https://packages.applied-caas-gateway1.internal.api.openai.org/artifactory/api/npm/npm-public/balanced-match/-/balanced-match-1.0.2.tgz",
      "integrity": "sha512-3oSeUO0TMV67hN1AmbXsK4yaqU7tjiHlbxRDZOpH0KW9+CeX4bRAaX0Anxt0tx2MrpRpWwQaPwIlISEJhYU5Pw=="
    },
    "node_modules/brace-expansion": {
      "version": "1.1.16",
      "resolved": "https://packages.applied-caas-gateway1.internal.api.openai.org/artifactory/api/npm/npm-public/brace-expansion/-/brace-expansion-1.1.16.tgz",
      "integrity": "sha512-IDw48K2/2kRkg9LdJxurvq3lV3aBgq0REY89duEqFRthjlPdXHKMj7EnQOXVckxzgisinf3nHfrcE2FufFLXMw==",
      "dependencies": {
        "balanced-match": "^1.0.0",
        "concat-map": "0.0.1"
      }
    },
    "node_modules/bundle-name": {
      "version": "4.1.0",
      "resolved": "https://packages.applied-caas-gateway1.internal.api.openai.org/artifactory/api/npm/npm-public/bundle-name/-/bundle-name-4.1.0.tgz",
      "integrity": "sha512-tjwM5exMg6BGRI+kNmTntNsvdZS1X8BFYS6tnJ2hdH0kVxM6/eVZ2xy+FqStSWvYmtfFMDLIxurorHwDKfDz5Q==",
      "license": "MIT",
      "dependencies": {
        "run-applescript": "^7.0.0"
      },
      "engines": {
        "node": ">=18"
      },
      "funding": {
        "url": "https://github.com/sponsors/sindresorhus"
      }
    },
    "node_modules/clipboardy": {
      "version": "4.0.0",
      "resolved": "https://packages.applied-caas-gateway1.internal.api.openai.org/artifactory/api/npm/npm-public/clipboardy/-/clipboardy-4.0.0.tgz",
      "integrity": "sha512-5mOlNS0mhX0707P2I0aZ2V/cmHUEO/fL7VFLqszkhUsxt7RwnmrInf/eEQKlf5GzvYeHIjT+Ov1HRfNmymlG0w==",
      "license": "MIT",
      "dependencies": {
        "execa": "^8.0.1",
        "is-wsl": "^3.1.0",
        "is64bit": "^2.0.0"
      },
      "engines": {
        "node": ">=18"
      },
      "funding": {
        "url": "https://github.com/sponsors/sindresorhus"
      }
    },
    "node_modules/concat-map": {
      "version": "0.0.1",
      "resolved": "https://packages.applied-caas-gateway1.internal.api.openai.org/artifactory/api/npm/npm-public/concat-map/-/concat-map-0.0.1.tgz",
      "integrity": "sha512-/Srv4dswyQNBfohGpz9o6Yb3Gz3SrUDqBH5rTuhGR7ahtlbYKnVxw2bCFMRljaA7EXHaXZ8wsHdodFvbkhKmqg==",
      "license": "MIT"
    },
    "node_modules/cross-spawn": {
      "version": "7.0.6",
      "resolved": "https://packages.applied-caas-gateway1.internal.api.openai.org/artifactory/api/npm/npm-public/cross-spawn/-/cross-spawn-7.0.6.tgz",
      "integrity": "sha512-uV2QOWP2nWzsy2aMp8aRibhi9dlzF5Hgh5SHaB9OiTGEyDTiJJyx0uy51QXdyWbtAHNua4XJzUKca3OzKUd3vA==",
      "license": "MIT",
      "dependencies": {
        "path-key": "^3.1.0",
        "shebang-command": "^2.0.0",
        "which": "^2.0.1"
      },
      "engines": {
        "node": ">= 8"
      }
    },
    "node_modules/debug": {
      "version": "4.4.3",
      "resolved": "https://packages.applied-caas-gateway1.internal.api.openai.org/artifactory/api/npm/npm-public/debug/-/debug-4.4.3.tgz",
      "integrity": "sha512-RGwwWnwQvkVfavKVt22FGLw+xYSdzARwm0ru6DhTVA3umU5hZc28V3kO4stgYryrTlLpuvgI9GiijltAjNbcqA==",
      "license": "MIT",
      "dependencies": {
        "ms": "^2.1.3"
      },
      "engines": {
        "node": ">=6.0"
      },
      "peerDependenciesMeta": {
        "supports-color": {
          "optional": true
        }
      }
    },
    "node_modules/default-browser": {
      "version": "5.5.0",
      "resolved": "https://packages.applied-caas-gateway1.internal.api.openai.org/artifactory/api/npm/npm-public/default-browser/-/default-browser-5.5.0.tgz",
      "integrity": "sha512-H9LMLr5zwIbSxrmvikGuI/5KGhZ8E2zH3stkMgM5LpOWDutGM2JZaj460Udnf1a+946zc7YBgrqEWwbk7zHvGw==",
      "license": "MIT",
      "dependencies": {
        "bundle-name": "^4.1.0",
        "default-browser-id": "^5.0.0"
      },
      "engines": {
        "node": ">=18"
      },
      "funding": {
        "url": "https://github.com/sponsors/sindresorhus"
      }
    },
    "node_modules/default-browser-id": {
      "version": "5.0.1",
      "resolved": "https://packages.applied-caas-gateway1.internal.api.openai.org/artifactory/api/npm/npm-public/default-browser-id/-/default-browser-id-5.0.1.tgz",
      "integrity": "sha512-x1VCxdX4t+8wVfd1so/9w+vQ4vx7lKd2Qp5tDRutErwmR85OgmfX7RlLRMWafRMY7hbEiXIbudNrjOAPa/hL8Q==",
      "license": "MIT",
      "engines": {
        "node": ">=18"
      },
      "funding": {
        "url": "https://github.com/sponsors/sindresorhus"
      }
    },
    "node_modules/define-lazy-prop": {
      "version": "3.0.0",
      "resolved": "https://packages.applied-caas-gateway1.internal.api.openai.org/artifactory/api/npm/npm-public/define-lazy-prop/-/define-lazy-prop-3.0.0.tgz",
      "integrity": "sha512-N+MeXYoqr3pOgn8xfyRPREN7gHakLYjhsHhWGT3fWAiL4IkAt0iDw14QiiEm2bE30c5XX5q0FtAA3CK5f9/BUg==",
      "license": "MIT",
      "engines": {
        "node": ">=12"
      },
      "funding": {
        "url": "https://github.com/sponsors/sindresorhus"
      }
    },
    "node_modules/dotenv": {
      "version": "16.6.1",
      "resolved": "https://packages.applied-caas-gateway1.internal.api.openai.org/artifactory/api/npm/npm-public/dotenv/-/dotenv-16.6.1.tgz",
      "integrity": "sha512-uBq4egWHTcTt33a72vpSG0z3HnPuIl6NqYcTrKEg2azoEyl2hpW0zqlxysq2pK9HlDIHyHyakeYaYnSAwd8bow==",
      "license": "BSD-2-Clause",
      "engines": {
        "node": ">=12"
      },
      "funding": {
        "url": "https://dotenvx.com"
      }
    },
    "node_modules/engine.io-client": {
      "version": "6.6.6",
      "resolved": "https://packages.applied-caas-gateway1.internal.api.openai.org/artifactory/api/npm/npm-public/engine.io-client/-/engine.io-client-6.6.6.tgz",
      "integrity": "sha512-iY6QdftLQ9pyiPoX082bpf/u1UewnOaJrtJIF9T0++QB34lZrj0uP+Q/bj8AlUsAxqhnkTV2BS8SBZSxOmoV5Q==",
      "dependencies": {
        "@socket.io/component-emitter": "~3.1.0",
        "debug": "~4.4.1",
        "engine.io-parser": "~5.2.1",
        "ws": "~8.21.0",
        "xmlhttprequest-ssl": "~2.1.1"
      }
    },
    "node_modules/engine.io-parser": {
      "version": "5.2.3",
      "resolved": "https://packages.applied-caas-gateway1.internal.api.openai.org/artifactory/api/npm/npm-public/engine.io-parser/-/engine.io-parser-5.2.3.tgz",
      "integrity": "sha512-HqD3yTBfnBxIrbnM1DoD6Pcq8NECnh8d4As1Qgh0z5Gg3jRRIqijury0CL3ghu/edArpUYiYqQiDUQBIs4np3Q==",
      "engines": {
        "node": ">=10.0.0"
      }
    },
    "node_modules/execa": {
      "version": "8.0.1",
      "resolved": "https://packages.applied-caas-gateway1.internal.api.openai.org/artifactory/api/npm/npm-public/execa/-/execa-8.0.1.tgz",
      "integrity": "sha512-VyhnebXciFV2DESc+p6B+y0LjSm0krU4OgJN44qFAhBY0TJ+1V61tYD2+wHusZ6F9n5K+vl8k0sTy7PEfV4qpg==",
      "license": "MIT",
      "dependencies": {
        "cross-spawn": "^7.0.3",
        "get-stream": "^8.0.1",
        "human-signals": "^5.0.0",
        "is-stream": "^3.0.0",
        "merge-stream": "^2.0.0",
        "npm-run-path": "^5.1.0",
        "onetime": "^6.0.0",
        "signal-exit": "^4.1.0",
        "strip-final-newline": "^3.0.0"
      },
      "engines": {
        "node": ">=16.17"
      },
      "funding": {
        "url": "https://github.com/sindresorhus/execa?sponsor=1"
      }
    },
    "node_modules/fs.realpath": {
      "version": "1.0.0",
      "resolved": "https://packages.applied-caas-gateway1.internal.api.openai.org/artifactory/api/npm/npm-public/fs.realpath/-/fs.realpath-1.0.0.tgz",
      "integrity": "sha512-OO0pH2lK6a0hZnAdau5ItzHPI6pUlvI7jMVnxUQRtw4owF2wk8lOSabtGDCTP4Ggrg2MbGnWO9X8K1t4+fGMDw==",
      "license": "ISC"
    },
    "node_modules/get-stream": {
      "version": "8.0.1",
      "resolved": "https://packages.applied-caas-gateway1.internal.api.openai.org/artifactory/api/npm/npm-public/get-stream/-/get-stream-8.0.1.tgz",
      "integrity": "sha512-VaUJspBffn/LMCJVoMvSAdmscJyS1auj5Zulnn5UoYcY531UWmdwhRWkcGKnGU93m5HSXP9LP2usOryrBtQowA==",
      "license": "MIT",
      "engines": {
        "node": ">=16"
      },
      "funding": {
        "url": "https://github.com/sponsors/sindresorhus"
      }
    },
    "node_modules/glob": {
      "version": "7.2.3",
      "resolved": "https://packages.applied-caas-gateway1.internal.api.openai.org/artifactory/api/npm/npm-public/glob/-/glob-7.2.3.tgz",
      "integrity": "sha512-nFR0zLpU2YCaRxwoCJvL6UvCH2JFyFVIvwTLsIf21AuHlMskA1hhTdk+LlYJtOlYt9v6dvszD2BGRqBL+iQK9Q==",
      "deprecated": "Old versions of glob are not supported, and contain widely publicized security vulnerabilities, which have been fixed in the current version. Please update. Support for old versions may be purchased (at exorbitant rates) by contacting i@izs.me",
      "license": "ISC",
      "dependencies": {
        "fs.realpath": "^1.0.0",
        "inflight": "^1.0.4",
        "inherits": "2",
        "minimatch": "^3.1.1",
        "once": "^1.3.0",
        "path-is-absolute": "^1.0.0"
      },
      "engines": {
        "node": "*"
      },
      "funding": {
        "url": "https://github.com/sponsors/isaacs"
      }
    },
    "node_modules/human-signals": {
      "version": "5.0.0",
      "resolved": "https://packages.applied-caas-gateway1.internal.api.openai.org/artifactory/api/npm/npm-public/human-signals/-/human-signals-5.0.0.tgz",
      "integrity": "sha512-AXcZb6vzzrFAUE61HnN4mpLqd/cSIwNQjtNWR0euPm6y0iqx3G4gOXaIDdtdDwZmhwe82LA6+zinmW4UBWVePQ==",
      "license": "Apache-2.0",
      "engines": {
        "node": ">=16.17.0"
      }
    },
    "node_modules/inflight": {
      "version": "1.0.6",
      "resolved": "https://packages.applied-caas-gateway1.internal.api.openai.org/artifactory/api/npm/npm-public/inflight/-/inflight-1.0.6.tgz",
      "integrity": "sha512-k92I/b08q4wvFscXCLvqfsHCrjrF7yiXsQuIVvVE7N82W3+aqpzuUdBbfhWcy/FZR3/4IgflMgKLOsvPDrGCJA==",
      "deprecated": "This module is not supported, and leaks memory. Do not use it. Check out lru-cache if you want a good and tested way to coalesce async requests by a key value, which is much more comprehensive and powerful.",
      "license": "ISC",
      "dependencies": {
        "once": "^1.3.0",
        "wrappy": "1"
      }
    },
    "node_modules/inherits": {
      "version": "2.0.4",
      "resolved": "https://packages.applied-caas-gateway1.internal.api.openai.org/artifactory/api/npm/npm-public/inherits/-/inherits-2.0.4.tgz",
      "integrity": "sha512-k/vGaX4/Yla3WzyMCvTQOXYeIHvqOKtnqBduzTHpzpQZzAskKMhZ2K+EnBiSM9zGSoIFeMpXKxa4dYeZIQqewQ==",
      "license": "ISC"
    },
    "node_modules/is-docker": {
      "version": "3.0.0",
      "resolved": "https://packages.applied-caas-gateway1.internal.api.openai.org/artifactory/api/npm/npm-public/is-docker/-/is-docker-3.0.0.tgz",
      "integrity": "sha512-eljcgEDlEns/7AXFosB5K/2nCM4P7FQPkGc/DWLy5rmFEWvZayGrik1d9/QIY5nJ4f9YsVvBkA6kJpHn9rISdQ==",
      "license": "MIT",
      "bin": {
        "is-docker": "cli.js"
      },
      "engines": {
        "node": "^12.20.0 || ^14.13.1 || >=16.0.0"
      },
      "funding": {
        "url": "https://github.com/sponsors/sindresorhus"
      }
    },
    "node_modules/is-inside-container": {
      "version": "1.0.0",
      "resolved": "https://packages.applied-caas-gateway1.internal.api.openai.org/artifactory/api/npm/npm-public/is-inside-container/-/is-inside-container-1.0.0.tgz",
      "integrity": "sha512-KIYLCCJghfHZxqjYBE7rEy0OBuTd5xCHS7tHVgvCLkx7StIoaxwNW3hCALgEUjFfeRk+MG/Qxmp/vtETEF3tRA==",
      "license": "MIT",
      "dependencies": {
        "is-docker": "^3.0.0"
      },
      "bin": {
        "is-inside-container": "cli.js"
      },
      "engines": {
        "node": ">=14.16"
      },
      "funding": {
        "url": "https://github.com/sponsors/sindresorhus"
      }
    },
    "node_modules/is-stream": {
      "version": "3.0.0",
      "resolved": "https://packages.applied-caas-gateway1.internal.api.openai.org/artifactory/api/npm/npm-public/is-stream/-/is-stream-3.0.0.tgz",
      "integrity": "sha512-LnQR4bZ9IADDRSkvpqMGvt/tEJWclzklNgSw48V5EAaAeDd6qGvN8ei6k5p0tvxSR171VmGyHuTiAOfxAbr8kA==",
      "engines": {
        "node": "^12.20.0 || ^14.13.1 || >=16.0.0"
      },
      "funding": {
        "url": "https://github.com/sponsors/sindresorhus"
      }
    },
    "node_modules/is-wsl": {
      "version": "3.1.1",
      "resolved": "https://packages.applied-caas-gateway1.internal.api.openai.org/artifactory/api/npm/npm-public/is-wsl/-/is-wsl-3.1.1.tgz",
      "integrity": "sha512-e6rvdUCiQCAuumZslxRJWR/Doq4VpPR82kqclvcS0efgt430SlGIk05vdCN58+VrzgtIcfNODjozVielycD4Sw==",
      "license": "MIT",
      "dependencies": {
        "is-inside-container": "^1.0.0"
      },
      "engines": {
        "node": ">=16"
      },
      "funding": {
        "url": "https://github.com/sponsors/sindresorhus"
      }
    },
    "node_modules/is64bit": {
      "version": "2.0.0",
      "resolved": "https://packages.applied-caas-gateway1.internal.api.openai.org/artifactory/api/npm/npm-public/is64bit/-/is64bit-2.0.0.tgz",
      "integrity": "sha512-jv+8jaWCl0g2lSBkNSVXdzfBA0npK1HGC2KtWM9FumFRoGS94g3NbCCLVnCYHLjp4GrW2KZeeSTMo5ddtznmGw==",
      "license": "MIT",
      "dependencies": {
        "system-architecture": "^0.1.0"
      },
      "engines": {
        "node": ">=18"
      },
      "funding": {
        "url": "https://github.com/sponsors/sindresorhus"
      }
    },
    "node_modules/isexe": {
      "version": "2.0.0",
      "resolved": "https://packages.applied-caas-gateway1.internal.api.openai.org/artifactory/api/npm/npm-public/isexe/-/isexe-2.0.0.tgz",
      "integrity": "sha512-RHxMLp9lnKHGHRng9QFhRCMbYAcVpn69smSGcq3f36xjgVVWThj4qqLbTLlq7Ssj8B+fIQ1EuCEGI2lKsyQeIw==",
      "license": "ISC"
    },
    "node_modules/merge-stream": {
      "version": "2.0.0",
      "resolved": "https://packages.applied-caas-gateway1.internal.api.openai.org/artifactory/api/npm/npm-public/merge-stream/-/merge-stream-2.0.0.tgz",
      "integrity": "sha512-abv/qOcuPfk3URPfDzmZU1LKmuw8kT+0nIHvKrKgFrwifol/doWcdA4ZqsWQ8ENrFKkd67Mfpo/LovbIUsbt3w==",
      "license": "MIT"
    },
    "node_modules/mimic-fn": {
      "version": "4.0.0",
      "resolved": "https://packages.applied-caas-gateway1.internal.api.openai.org/artifactory/api/npm/npm-public/mimic-fn/-/mimic-fn-4.0.0.tgz",
      "integrity": "sha512-vqiC06CuhBTUdZH+RYl8sFrL096vA45Ok5ISO6sE/Mr1jRbGH4Csnhi8f3wKVl7x8mO4Au7Ir9D3Oyv1VYMFJw==",
      "license": "MIT",
      "engines": {
        "node": ">=12"
      },
      "funding": {
        "url": "https://github.com/sponsors/sindresorhus"
      }
    },
    "node_modules/minimatch": {
      "version": "3.1.5",
      "resolved": "https://packages.applied-caas-gateway1.internal.api.openai.org/artifactory/api/npm/npm-public/minimatch/-/minimatch-3.1.5.tgz",
      "integrity": "sha512-VgjWUsnnT6n+NUk6eZq77zeFdpW2LWDzP6zFGrCbHXiYNul5Dzqk2HHQ5uFH2DNW5Xbp8+jVzaeNt94ssEEl4w==",
      "dependencies": {
        "brace-expansion": "^1.1.7"
      },
      "engines": {
        "node": "*"
      }
    },
    "node_modules/minimist": {
      "version": "1.2.8",
      "resolved": "https://packages.applied-caas-gateway1.internal.api.openai.org/artifactory/api/npm/npm-public/minimist/-/minimist-1.2.8.tgz",
      "integrity": "sha512-2yyAR8qBkN3YuheJanUpWC5U3bb5osDywNB8RzDVlDwDHbocAJveqqj1u8+SVD7jkWT4yvsHCpWqqWqAxb0zCA==",
      "license": "MIT",
      "funding": {
        "url": "https://github.com/sponsors/ljharb"
      }
    },
    "node_modules/mkdirp": {
      "version": "0.5.6",
      "resolved": "https://packages.applied-caas-gateway1.internal.api.openai.org/artifactory/api/npm/npm-public/mkdirp/-/mkdirp-0.5.6.tgz",
      "integrity": "sha512-FP+p8RB8OWpF3YZBCrP5gtADmtXApB5AMLn+vdyA+PyxCjrCs00mjyUozssO33cwDeT3wNGdLxJ5M//YqtHAJw==",
      "dependencies": {
        "minimist": "^1.2.6"
      },
      "bin": {
        "mkdirp": "bin/cmd.js"
      }
    },
    "node_modules/ms": {
      "version": "2.1.3",
      "resolved": "https://packages.applied-caas-gateway1.internal.api.openai.org/artifactory/api/npm/npm-public/ms/-/ms-2.1.3.tgz",
      "integrity": "sha512-6FlzubTLZG3J2a/NVCAleEhjzq5oxgHyaCU9yYXvcLsvoVaHJq/s5xXI6/XXP6tz7R9xAOtHnSO/tXtF3WRTlA=="
    },
    "node_modules/npm-run-path": {
      "version": "5.3.0",
      "resolved": "https://packages.applied-caas-gateway1.internal.api.openai.org/artifactory/api/npm/npm-public/npm-run-path/-/npm-run-path-5.3.0.tgz",
      "integrity": "sha512-ppwTtiJZq0O/ai0z7yfudtBpWIoxM8yE6nHi1X47eFR2EWORqfbu6CnPlNsjeN683eT0qG6H/Pyf9fCcvjnnnQ==",
      "license": "MIT",
      "dependencies": {
        "path-key": "^4.0.0"
      },
      "engines": {
        "node": "^12.20.0 || ^14.13.1 || >=16.0.0"
      },
      "funding": {
        "url": "https://github.com/sponsors/sindresorhus"
      }
    },
    "node_modules/npm-run-path/node_modules/path-key": {
      "version": "4.0.0",
      "resolved": "https://packages.applied-caas-gateway1.internal.api.openai.org/artifactory/api/npm/npm-public/path-key/-/path-key-4.0.0.tgz",
      "integrity": "sha512-haREypq7xkM7ErfgIyA0z+Bj4AGKlMSdlQE2jvJo6huWD1EdkKYV+G/T4nq0YEF2vgTT8kqMFKo1uHn950r4SQ==",
      "license": "MIT",
      "engines": {
        "node": ">=12"
      },
      "funding": {
        "url": "https://github.com/sponsors/sindresorhus"
      }
    },
    "node_modules/once": {
      "version": "1.4.0",
      "resolved": "https://packages.applied-caas-gateway1.internal.api.openai.org/artifactory/api/npm/npm-public/once/-/once-1.4.0.tgz",
      "integrity": "sha512-lNaJgI+2Q5URQBkccEKHTQOPaXdUxnZZElQTZY0MFUAuaEqe1E+Nyvgdz/aIyNi6Z9MzO5dv1H8n58/GELp3+w==",
      "license": "ISC",
      "dependencies": {
        "wrappy": "1"
      }
    },
    "node_modules/onetime": {
      "version": "6.0.0",
      "resolved": "https://packages.applied-caas-gateway1.internal.api.openai.org/artifactory/api/npm/npm-public/onetime/-/onetime-6.0.0.tgz",
      "integrity": "sha512-1FlR+gjXK7X+AsAHso35MnyN5KqGwJRi/31ft6x0M194ht7S+rWAvd7PHss9xSKMzE0asv1pyIHaJYq+BbacAQ==",
      "license": "MIT",
      "dependencies": {
        "mimic-fn": "^4.0.0"
      },
      "engines": {
        "node": ">=12"
      },
      "funding": {
        "url": "https://github.com/sponsors/sindresorhus"
      }
    },
    "node_modules/open": {
      "version": "10.2.0",
      "resolved": "https://packages.applied-caas-gateway1.internal.api.openai.org/artifactory/api/npm/npm-public/open/-/open-10.2.0.tgz",
      "integrity": "sha512-YgBpdJHPyQ2UE5x+hlSXcnejzAvD0b22U2OuAP+8OnlJT+PjWPxtgmGqKKc+RgTM63U9gN0YzrYc71R2WT/hTA==",
      "license": "MIT",
      "dependencies": {
        "default-browser": "^5.2.1",
        "define-lazy-prop": "^3.0.0",
        "is-inside-container": "^1.0.0",
        "wsl-utils": "^0.1.0"
      },
      "engines": {
        "node": ">=18"
      },
      "funding": {
        "url": "https://github.com/sponsors/sindresorhus"
      }
    },
    "node_modules/path-is-absolute": {
      "version": "1.0.1",
      "resolved": "https://packages.applied-caas-gateway1.internal.api.openai.org/artifactory/api/npm/npm-public/path-is-absolute/-/path-is-absolute-1.0.1.tgz",
      "integrity": "sha512-AVbw3UJ2e9bq64vSaS9Am0fje1Pa8pbGqTTsmXfaIiMpnr5DlDhfJOuLj9Sf95ZPVDAUerDfEk88MPmPe7UCQg==",
      "license": "MIT",
      "engines": {
        "node": ">=0.10.0"
      }
    },
    "node_modules/path-key": {
      "version": "3.1.1",
      "resolved": "https://packages.applied-caas-gateway1.internal.api.openai.org/artifactory/api/npm/npm-public/path-key/-/path-key-3.1.1.tgz",
      "integrity": "sha512-ojmeN0qd+y0jszEtoY48r0Peq5dwMEkIlCOu6Q5f41lfkswXuKtYrhgoTpLnyIcHm24Uhqx+5Tqm2InSwLhE6Q==",
      "engines": {
        "node": ">=8"
      }
    },
    "node_modules/rimraf": {
      "version": "2.6.3",
      "resolved": "https://packages.applied-caas-gateway1.internal.api.openai.org/artifactory/api/npm/npm-public/rimraf/-/rimraf-2.6.3.tgz",
      "integrity": "sha512-mwqeW5XsA2qAejG46gYdENaxXjx9onRNCfn7L0duuP4hCuTIi/QO7PDK07KJfp1d+izWPrzEJDcSqBa0OZQriA==",
      "deprecated": "Rimraf versions prior to v4 are no longer supported",
      "dependencies": {
        "glob": "^7.1.3"
      },
      "bin": {
        "rimraf": "bin.js"
      }
    },
    "node_modules/run-applescript": {
      "version": "7.1.0",
      "resolved": "https://packages.applied-caas-gateway1.internal.api.openai.org/artifactory/api/npm/npm-public/run-applescript/-/run-applescript-7.1.0.tgz",
      "integrity": "sha512-DPe5pVFaAsinSaV6QjQ6gdiedWDcRCbUuiQfQa2wmWV7+xC9bGulGI8+TdRmoFkAPaBXk8CrAbnlY2ISniJ47Q==",
      "license": "MIT",
      "engines": {
        "node": ">=18"
      },
      "funding": {
        "url": "https://github.com/sponsors/sindresorhus"
      }
    },
    "node_modules/screenshot-desktop": {
      "version": "1.15.4",
      "resolved": "https://packages.applied-caas-gateway1.internal.api.openai.org/artifactory/api/npm/npm-public/screenshot-desktop/-/screenshot-desktop-1.15.4.tgz",
      "integrity": "sha512-nvYzQH+pzA9cJVKxZzde4mX1ymZoPETUp3vT5vl72460782i+ZctSbV71vu+YU/9ktAEa9nONLRLpgliXgB5LA==",
      "funding": [
        {
          "type": "github",
          "url": "https://github.com/sponsors/bencevans"
        }
      ],
      "license": "MIT",
      "dependencies": {
        "temp": "^0.9.4"
      }
    },
    "node_modules/shebang-command": {
      "version": "2.0.0",
      "resolved": "https://packages.applied-caas-gateway1.internal.api.openai.org/artifactory/api/npm/npm-public/shebang-command/-/shebang-command-2.0.0.tgz",
      "integrity": "sha512-kHxr2zZpYtdmrN1qDjrrX/Z1rR1kG8Dx+gkpK1G4eXmvXswmcE1hTWBWYUzlraYw1/yZp6YuDY77YtvbN0dmDA==",
      "dependencies": {
        "shebang-regex": "^3.0.0"
      },
      "engines": {
        "node": ">=8"
      }
    },
    "node_modules/shebang-regex": {
      "version": "3.0.0",
      "resolved": "https://packages.applied-caas-gateway1.internal.api.openai.org/artifactory/api/npm/npm-public/shebang-regex/-/shebang-regex-3.0.0.tgz",
      "integrity": "sha512-7++dFhtcx3353uBaq8DDR4NuxBetBzC7ZQOhmTQInHEd6bSrXdiEyzCvG07Z44UYdLShWUyXt5M/yhz8ekcb1A==",
      "license": "MIT",
      "engines": {
        "node": ">=8"
      }
    },
    "node_modules/signal-exit": {
      "version": "4.1.0",
      "resolved": "https://packages.applied-caas-gateway1.internal.api.openai.org/artifactory/api/npm/npm-public/signal-exit/-/signal-exit-4.1.0.tgz",
      "integrity": "sha512-bzyZ1e88w9O1iNJbKnOlvYTrWPDl46O1bG0D3XInv+9tkPrxrN8jUUTiFlDkkmKWgn1M6CfIA13SuGqOa9Korw==",
      "engines": {
        "node": ">=14"
      },
      "funding": {
        "url": "https://github.com/sponsors/isaacs"
      }
    },
    "node_modules/socket.io-client": {
      "version": "4.8.3",
      "resolved": "https://packages.applied-caas-gateway1.internal.api.openai.org/artifactory/api/npm/npm-public/socket.io-client/-/socket.io-client-4.8.3.tgz",
      "integrity": "sha512-uP0bpjWrjQmUt5DTHq9RuoCBdFJF10cdX9X+a368j/Ft0wmaVgxlrjvK3kjvgCODOMMOz9lcaRzxmso0bTWZ/g==",
      "dependencies": {
        "@socket.io/component-emitter": "~3.1.0",
        "debug": "~4.4.1",
        "engine.io-client": "~6.6.1",
        "socket.io-parser": "~4.2.4"
      },
      "engines": {
        "node": ">=10.0.0"
      }
    },
    "node_modules/socket.io-parser": {
      "version": "4.2.6",
      "resolved": "https://packages.applied-caas-gateway1.internal.api.openai.org/artifactory/api/npm/npm-public/socket.io-parser/-/socket.io-parser-4.2.6.tgz",
      "integrity": "sha512-asJqbVBDsBCJx0pTqw3WfesSY0iRX+2xzWEWzrpcH7L6fLzrhyF8WPI8UaeM4YCuDfpwA/cgsdugMsmtz8EJeg==",
      "license": "MIT",
      "dependencies": {
        "@socket.io/component-emitter": "~3.1.0",
        "debug": "~4.4.1"
      },
      "engines": {
        "node": ">=10.0.0"
      }
    },
    "node_modules/strip-final-newline": {
      "version": "3.0.0",
      "resolved": "https://packages.applied-caas-gateway1.internal.api.openai.org/artifactory/api/npm/npm-public/strip-final-newline/-/strip-final-newline-3.0.0.tgz",
      "integrity": "sha512-dOESqjYr96iWYylGObzd39EuNTa5VJxyvVAEm5Jnh7KGo75V43Hk1odPQkNDyXNmUR6k+gEiDVXnjB8HJ3crXw==",
      "license": "MIT",
      "engines": {
        "node": ">=12"
      },
      "funding": {
        "url": "https://github.com/sponsors/sindresorhus"
      }
    },
    "node_modules/system-architecture": {
      "version": "0.1.0",
      "resolved": "https://packages.applied-caas-gateway1.internal.api.openai.org/artifactory/api/npm/npm-public/system-architecture/-/system-architecture-0.1.0.tgz",
      "integrity": "sha512-ulAk51I9UVUyJgxlv9M6lFot2WP3e7t8Kz9+IS6D4rVba1tR9kON+Ey69f+1R4Q8cd45Lod6a4IcJIxnzGc/zA==",
      "license": "MIT",
      "engines": {
        "node": ">=18"
      },
      "funding": {
        "url": "https://github.com/sponsors/sindresorhus"
      }
    },
    "node_modules/systeminformation": {
      "version": "5.31.16",
      "resolved": "https://packages.applied-caas-gateway1.internal.api.openai.org/artifactory/api/npm/npm-public/systeminformation/-/systeminformation-5.31.16.tgz",
      "integrity": "sha512-37NsFaeaqwYxanLgdJAGWj8OXIRgvSBsDXGhlC0uUoHyl9nf4HrNsZjqtQ9Gc99bj9FQpffzYccPVuQ6gpjfqg==",
      "license": "MIT",
      "os": [
        "darwin",
        "linux",
        "win32",
        "freebsd",
        "openbsd",
        "netbsd",
        "sunos",
        "android"
      ],
      "bin": {
        "systeminformation": "lib/cli.js"
      },
      "engines": {
        "node": ">=8.0.0"
      },
      "funding": {
        "type": "Buy me a coffee",
        "url": "https://www.buymeacoffee.com/systeminfo"
      }
    },
    "node_modules/temp": {
      "version": "0.9.4",
      "resolved": "https://packages.applied-caas-gateway1.internal.api.openai.org/artifactory/api/npm/npm-public/temp/-/temp-0.9.4.tgz",
      "integrity": "sha512-yYrrsWnrXMcdsnu/7YMYAofM1ktpL5By7vZhf15CrXijWWrEYZks5AXBudalfSWJLlnen/QUJUB5aoB0kqZUGA==",
      "dependencies": {
        "mkdirp": "^0.5.1",
        "rimraf": "~2.6.2"
      },
      "engines": {
        "node": ">=6.0.0"
      }
    },
    "node_modules/which": {
      "version": "2.0.2",
      "resolved": "https://packages.applied-caas-gateway1.internal.api.openai.org/artifactory/api/npm/npm-public/which/-/which-2.0.2.tgz",
      "integrity": "sha512-BLI3Tl1TW3Pvl70l3yq3Y64i+awpwXqsGBYWkkqMtnbXgrMD+yj7rhW0kuEDxzJaYXGjEW5ogapKNMEKNMjibA==",
      "license": "ISC",
      "dependencies": {
        "isexe": "^2.0.0"
      },
      "bin": {
        "node-which": "bin/node-which"
      },
      "engines": {
        "node": ">= 8"
      }
    },
    "node_modules/wrappy": {
      "version": "1.0.2",
      "resolved": "https://packages.applied-caas-gateway1.internal.api.openai.org/artifactory/api/npm/npm-public/wrappy/-/wrappy-1.0.2.tgz",
      "integrity": "sha512-l4Sp/DRseor9wL6EvV2+TuQn63dMkPjZ/sp9XkghTEbV9KlPS1xUsZ3u7/IQO4wxtcFB4bgpQPRcR3QCvezPcQ=="
    },
    "node_modules/ws": {
      "version": "8.21.0",
      "resolved": "https://packages.applied-caas-gateway1.internal.api.openai.org/artifactory/api/npm/npm-public/ws/-/ws-8.21.0.tgz",
      "integrity": "sha512-Vsp28b7DRcimFQvrqu2Wek3z1iYxDCWqHYB8Qsnk/S4RfaCQzPGPyBNuVjJV3cd6UiKtUtp6sNM77gWvzcCH+g==",
      "license": "MIT",
      "engines": {
        "node": ">=10.0.0"
      },
      "peerDependencies": {
        "bufferutil": "^4.0.1",
        "utf-8-validate": ">=5.0.2"
      },
      "peerDependenciesMeta": {
        "bufferutil": {
          "optional": true
        },
        "utf-8-validate": {
          "optional": true
        }
      }
    },
    "node_modules/wsl-utils": {
      "version": "0.1.0",
      "resolved": "https://packages.applied-caas-gateway1.internal.api.openai.org/artifactory/api/npm/npm-public/wsl-utils/-/wsl-utils-0.1.0.tgz",
      "integrity": "sha512-h3Fbisa2nKGPxCpm89Hk33lBLsnaGBvctQopaBSOW/uIs6FTe1ATyAnKFJrzVs9vpGdsTe73WF3V4lIsk4Gacw==",
      "dependencies": {
        "is-wsl": "^3.1.0"
      },
      "engines": {
        "node": ">=18"
      },
      "funding": {
        "url": "https://github.com/sponsors/sindresorhus"
      }
    },
    "node_modules/xmlhttprequest-ssl": {
      "version": "2.1.2",
      "resolved": "https://packages.applied-caas-gateway1.internal.api.openai.org/artifactory/api/npm/npm-public/xmlhttprequest-ssl/-/xmlhttprequest-ssl-2.1.2.tgz",
      "integrity": "sha512-TEU+nJVUUnA4CYJFLvK5X9AOeH4KvDvhIfm0vV1GaQRtchnG0hgK5p8hw/xjv8cunWYCsiPCSDzObPyhEwq3KQ==",
      "engines": {
        "node": ">=0.4.0"
      }
    }
  }
}
